
Microsoft Visual Studio Solution File, Format Version 12.00
# Visual Studio Version 17
VisualStudioVersion = 17.4.33213.308
MinimumVisualStudioVersion = 10.0.40219.1
Project("{2150E333-8FDC-42A3-9474-1A3956D46DE8}") = "Infrastructure", "Infrastructure", "{2FBCB49A-8CCC-48B8-9A3D-DB0FEC23CDC9}"
EndProject
Project("{2150E333-8FDC-42A3-9474-1A3956D46DE8}") = "Services", "Services", "{FA45850D-22AF-4DBA-A697-99A613ABDB09}"
EndProject
Project("{FAE04EC0-301F-11D3-BF4B-00C04F79EFBC}") = "MEngine.WatcherService", "Services\MEngine.WatcherService\MEngine.WatcherService.csproj", "{FA539304-8D8C-43D3-8A71-4BEA3E79F17D}"
EndProject
Global
	GlobalSection(SolutionConfigurationPlatforms) = preSolution
		Debug|Any CPU = Debug|Any CPU
		Release|Any CPU = Release|Any CPU
	EndGlobalSection
	GlobalSection(ProjectConfigurationPlatforms) = postSolution
		{FA539304-8D8C-43D3-8A71-4BEA3E79F17D}.Debug|Any CPU.ActiveCfg = Debug|Any CPU
		{FA539304-8D8C-43D3-8A71-4BEA3E79F17D}.Debug|Any CPU.Build.0 = Debug|Any CPU
		{FA539304-8D8C-43D3-8A71-4BEA3E79F17D}.Release|Any CPU.ActiveCfg = Release|Any CPU
		{FA539304-8D8C-43D3-8A71-4BEA3E79F17D}.Release|Any CPU.Build.0 = Release|Any CPU
	EndGlobalSection
	GlobalSection(SolutionProperties) = preSolution
		HideSolutionNode = FALSE
	EndGlobalSection
	GlobalSection(NestedProjects) = preSolution
		{FA539304-8D8C-43D3-8A71-4BEA3E79F17D} = {FA45850D-22AF-4DBA-A697-99A613ABDB09}
	EndGlobalSection
	GlobalSection(ExtensibilityGlobals) = postSolution
		SolutionGuid = {0003983B-670F-46A0-AA79-AF954DF30AA4}
	EndGlobalSection
EndGlobal
